
Microsoft Visual Studio Solution File, Format Version 12.00
# Visual Studio Version 17
VisualStudioVersion = 17.10.34928.147
MinimumVisualStudioVersion = 10.0.40219.1
Project("{FAE04EC0-301F-11D3-BF4B-00C04F79EFBC}") = "hesap makinesi gelişmişi", "hesap makinesi gelişmişi\hesap makinesi gelişmişi.csproj", "{0FC4A237-11FA-4249-A12E-9A809BB061F4}"
EndProject
Global
	GlobalSection(SolutionConfigurationPlatforms) = preSolution
		Debug|Any CPU = Debug|Any CPU
		Release|Any CPU = Release|Any CPU
	EndGlobalSection
	GlobalSection(ProjectConfigurationPlatforms) = postSolution
		{0FC4A237-11FA-4249-A12E-9A809BB061F4}.Debug|Any CPU.ActiveCfg = Debug|Any CPU
		{0FC4A237-11FA-4249-A12E-9A809BB061F4}.Debug|Any CPU.Build.0 = Debug|Any CPU
		{0FC4A237-11FA-4249-A12E-9A809BB061F4}.Release|Any CPU.ActiveCfg = Release|Any CPU
		{0FC4A237-11FA-4249-A12E-9A809BB061F4}.Release|Any CPU.Build.0 = Release|Any CPU
	EndGlobalSection
	GlobalSection(SolutionProperties) = preSolution
		HideSolutionNode = FALSE
	EndGlobalSection
	GlobalSection(ExtensibilityGlobals) = postSolution
		SolutionGuid = {B3275534-7BEF-44C1-ACA1-39C778915FAF}
	EndGlobalSection
EndGlobal
